
Microsoft Visual Studio Solution File, Format Version 12.00
# Visual Studio Version 16
VisualStudioVersion = 16.0.30309.148
MinimumVisualStudioVersion = 10.0.40219.1
Project("{9A19103F-16F7-4668-BE54-9A1E7A4F7556}") = "Budjoni", "Buđoni\Budjoni.csproj", "{19321240-1248-4809-B7EF-805216ECF032}"
EndProject
Project("{9A19103F-16F7-4668-BE54-9A1E7A4F7556}") = "Budjoni.DAL", "Buđoni.DAL\Budjoni.DAL.csproj", "{BEF43DE7-CEB9-46BF-AF30-23843959C708}"
EndProject
Global
	GlobalSection(SolutionConfigurationPlatforms) = preSolution
		Debug|Any CPU = Debug|Any CPU
		Release|Any CPU = Release|Any CPU
	EndGlobalSection
	GlobalSection(ProjectConfigurationPlatforms) = postSolution
		{19321240-1248-4809-B7EF-805216ECF032}.Debug|Any CPU.ActiveCfg = Debug|Any CPU
		{19321240-1248-4809-B7EF-805216ECF032}.Debug|Any CPU.Build.0 = Debug|Any CPU
		{19321240-1248-4809-B7EF-805216ECF032}.Release|Any CPU.ActiveCfg = Release|Any CPU
		{19321240-1248-4809-B7EF-805216ECF032}.Release|Any CPU.Build.0 = Release|Any CPU
		{BEF43DE7-CEB9-46BF-AF30-23843959C708}.Debug|Any CPU.ActiveCfg = Debug|Any CPU
		{BEF43DE7-CEB9-46BF-AF30-23843959C708}.Debug|Any CPU.Build.0 = Debug|Any CPU
		{BEF43DE7-CEB9-46BF-AF30-23843959C708}.Release|Any CPU.ActiveCfg = Release|Any CPU
		{BEF43DE7-CEB9-46BF-AF30-23843959C708}.Release|Any CPU.Build.0 = Release|Any CPU
	EndGlobalSection
	GlobalSection(SolutionProperties) = preSolution
		HideSolutionNode = FALSE
	EndGlobalSection
	GlobalSection(ExtensibilityGlobals) = postSolution
		SolutionGuid = {59CD9819-2730-43C0-A546-8E21053CA7EF}
	EndGlobalSection
EndGlobal
